
Microsoft Visual Studio Solution File, Format Version 12.00
# Visual Studio Version 16
VisualStudioVersion = 16.0.30503.244
MinimumVisualStudioVersion = 10.0.40219.1
Project("{FAE04EC0-301F-11D3-BF4B-00C04F79EFBC}") = "Lab2", "Lab2\Lab2.csproj", "{24F3E018-4516-4889-818C-687A21759C12}"
EndProject
Global
	GlobalSection(SolutionConfigurationPlatforms) = preSolution
		Debug|Any CPU = Debug|Any CPU
		Release|Any CPU = Release|Any CPU
	EndGlobalSection
	GlobalSection(ProjectConfigurationPlatforms) = postSolution
		{24F3E018-4516-4889-818C-687A21759C12}.Debug|Any CPU.ActiveCfg = Debug|Any CPU
		{24F3E018-4516-4889-818C-687A21759C12}.Debug|Any CPU.Build.0 = Debug|Any CPU
		{24F3E018-4516-4889-818C-687A21759C12}.Release|Any CPU.ActiveCfg = Release|Any CPU
		{24F3E018-4516-4889-818C-687A21759C12}.Release|Any CPU.Build.0 = Release|Any CPU
	EndGlobalSection
	GlobalSection(SolutionProperties) = preSolution
		HideSolutionNode = FALSE
	EndGlobalSection
	GlobalSection(ExtensibilityGlobals) = postSolution
		SolutionGuid = {F740510A-AEF4-41B4-9E9F-707760167BF7}
	EndGlobalSection
EndGlobal
